// !$*UTF8*$!
{
	archiveVersion = 1;
	classes = {
	};
	objectVersion = 46;
	objects = {

/* Begin PBXBuildFile section */
		CE4C1F53194DD47F00B7F138 /* Foundation.framework in Frameworks */ = {isa = PBXBuildFile; fileRef = CE4C1F52194DD47F00B7F138 /* Foundation.framework */; };
		CE4C1F55194DD47F00B7F138 /* CoreGraphics.framework in Frameworks */ = {isa = PBXBuildFile; fileRef = CE4C1F54194DD47F00B7F138 /* CoreGraphics.framework */; };
		CE4C1F57194DD47F00B7F138 /* UIKit.framework in Frameworks */ = {isa = PBXBuildFile; fileRef = CE4C1F56194DD47F00B7F138 /* UIKit.framework */; };
		CE4C1F5D194DD47F00B7F138 /* InfoPlist.strings in Resources */ = {isa = PBXBuildFile; fileRef = CE4C1F5B194DD47F00B7F138 /* InfoPlist.strings */; };
		CE4C1F5F194DD47F00B7F138 /* main.m in Sources */ = {isa = PBXBuildFile; fileRef = CE4C1F5E194DD47F00B7F138 /* main.m */; };
		CE4C1F63194DD47F00B7F138 /* STPAppDelegate.m in Sources */ = {isa = PBXBuildFile; fileRef = CE4C1F62194DD47F00B7F138 /* STPAppDelegate.m */; settings = {COMPILER_FLAGS = "-fno-objc-arc"; }; };
		CE4C1F65194DD47F00B7F138 /* Images.xcassets in Resources */ = {isa = PBXBuildFile; fileRef = CE4C1F64194DD47F00B7F138 /* Images.xcassets */; };
		CE4C1F6C194DD47F00B7F138 /* XCTest.framework in Frameworks */ = {isa = PBXBuildFile; fileRef = CE4C1F6B194DD47F00B7F138 /* XCTest.framework */; };
		CE4C1F6D194DD47F00B7F138 /* Foundation.framework in Frameworks */ = {isa = PBXBuildFile; fileRef = CE4C1F52194DD47F00B7F138 /* Foundation.framework */; };
		CE4C1F6E194DD47F00B7F138 /* UIKit.framework in Frameworks */ = {isa = PBXBuildFile; fileRef = CE4C1F56194DD47F00B7F138 /* UIKit.framework */; };
		CE4C1F76194DD47F00B7F138 /* InfoPlist.strings in Resources */ = {isa = PBXBuildFile; fileRef = CE4C1F74194DD47F00B7F138 /* InfoPlist.strings */; };
		CE4C1F78194DD47F00B7F138 /* FullActivitiesTests.m in Sources */ = {isa = PBXBuildFile; fileRef = CE4C1F77194DD47F00B7F138 /* FullActivitiesTests.m */; };
		CE4C1F83194DD59D00B7F138 /* STPMainViewController.m in Sources */ = {isa = PBXBuildFile; fileRef = CE4C1F82194DD59D00B7F138 /* STPMainViewController.m */; settings = {COMPILER_FLAGS = "-fno-objc-arc"; }; };
/* End PBXBuildFile section */

/* Begin PBXContainerItemProxy section */
		CE4C1F6F194DD47F00B7F138 /* PBXContainerItemProxy */ = {
			isa = PBXContainerItemProxy;
			containerPortal = CE4C1F47194DD47F00B7F138 /* Project object */;
			proxyType = 1;
			remoteGlobalIDString = CE4C1F4E194DD47F00B7F138;
			remoteInfo = FullActivities;
		};
/* End PBXContainerItemProxy section */

/* Begin PBXFileReference section */
		CE4C1F4F194DD47F00B7F138 /* FullActivities.app */ = {isa = PBXFileReference; explicitFileType = wrapper.application; includeInIndex = 0; path = FullActivities.app; sourceTree = BUILT_PRODUCTS_DIR; };
		CE4C1F52194DD47F00B7F138 /* Foundation.framework */ = {isa = PBXFileReference; lastKnownFileType = wrapper.framework; name = Foundation.framework; path = System/Library/Frameworks/Foundation.framework; sourceTree = SDKROOT; };
		CE4C1F54194DD47F00B7F138 /* CoreGraphics.framework */ = {isa = PBXFileReference; lastKnownFileType = wrapper.framework; name = CoreGraphics.framework; path = System/Library/Frameworks/CoreGraphics.framework; sourceTree = SDKROOT; };
		CE4C1F56194DD47F00B7F138 /* UIKit.framework */ = {isa = PBXFileReference; lastKnownFileType = wrapper.framework; name = UIKit.framework; path = System/Library/Frameworks/UIKit.framework; sourceTree = SDKROOT; };
		CE4C1F5A194DD47F00B7F138 /* FullActivities-Info.plist */ = {isa = PBXFileReference; lastKnownFileType = text.plist.xml; path = "FullActivities-Info.plist"; sourceTree = "<group>"; };
		CE4C1F5C194DD47F00B7F138 /* en */ = {isa = PBXFileReference; lastKnownFileType = text.plist.strings; name = en; path = en.lproj/InfoPlist.strings; sourceTree = "<group>"; };
		CE4C1F5E194DD47F00B7F138 /* main.m */ = {isa = PBXFileReference; lastKnownFileType = sourcecode.c.objc; path = main.m; sourceTree = "<group>"; };
		CE4C1F60194DD47F00B7F138 /* FullActivities-Prefix.pch */ = {isa = PBXFileReference; lastKnownFileType = sourcecode.c.h; path = "FullActivities-Prefix.pch"; sourceTree = "<group>"; };
		CE4C1F61194DD47F00B7F138 /* STPAppDelegate.h */ = {isa = PBXFileReference; lastKnownFileType = sourcecode.c.h; path = STPAppDelegate.h; sourceTree = "<group>"; };
		CE4C1F62194DD47F00B7F138 /* STPAppDelegate.m */ = {isa = PBXFileReference; lastKnownFileType = sourcecode.c.objc; path = STPAppDelegate.m; sourceTree = "<group>"; };
		CE4C1F64194DD47F00B7F138 /* Images.xcassets */ = {isa = PBXFileReference; lastKnownFileType = folder.assetcatalog; path = Images.xcassets; sourceTree = "<group>"; };
		CE4C1F6A194DD47F00B7F138 /* FullActivitiesTests.xctest */ = {isa = PBXFileReference; explicitFileType = wrapper.cfbundle; includeInIndex = 0; path = FullActivitiesTests.xctest; sourceTree = BUILT_PRODUCTS_DIR; };
		CE4C1F6B194DD47F00B7F138 /* XCTest.framework */ = {isa = PBXFileReference; lastKnownFileType = wrapper.framework; name = XCTest.framework; path = Library/Frameworks/XCTest.framework; sourceTree = DEVELOPER_DIR; };
		CE4C1F73194DD47F00B7F138 /* FullActivitiesTests-Info.plist */ = {isa = PBXFileReference; lastKnownFileType = text.plist.xml; path = "FullActivitiesTests-Info.plist"; sourceTree = "<group>"; };
		CE4C1F75194DD47F00B7F138 /* en */ = {isa = PBXFileReference; lastKnownFileType = text.plist.strings; name = en; path = en.lproj/InfoPlist.strings; sourceTree = "<group>"; };
		CE4C1F77194DD47F00B7F138 /* FullActivitiesTests.m */ = {isa = PBXFileReference; lastKnownFileType = sourcecode.c.objc; path = FullActivitiesTests.m; sourceTree = "<group>"; };
		CE4C1F81194DD59D00B7F138 /* STPMainViewController.h */ = {isa = PBXFileReference; fileEncoding = 4; lastKnownFileType = sourcecode.c.h; path = STPMainViewController.h; sourceTree = "<group>"; };
		CE4C1F82194DD59D00B7F138 /* STPMainViewController.m */ = {isa = PBXFileReference; fileEncoding = 4; lastKnownFileType = sourcecode.c.objc; path = STPMainViewController.m; sourceTree = "<group>"; };
/* End PBXFileReference section */

/* Begin PBXFrameworksBuildPhase section */
		CE4C1F4C194DD47F00B7F138 /* Frameworks */ = {
			isa = PBXFrameworksBuildPhase;
			buildActionMask = 2147483647;
			files = (
				CE4C1F55194DD47F00B7F138 /* CoreGraphics.framework in Frameworks */,
				CE4C1F57194DD47F00B7F138 /* UIKit.framework in Frameworks */,
				CE4C1F53194DD47F00B7F138 /* Foundation.framework in Frameworks */,
			);
			runOnlyForDeploymentPostprocessing = 0;
		};
		CE4C1F67194DD47F00B7F138 /* Frameworks */ = {
			isa = PBXFrameworksBuildPhase;
			buildActionMask = 2147483647;
			files = (
				CE4C1F6C194DD47F00B7F138 /* XCTest.framework in Frameworks */,
				CE4C1F6E194DD47F00B7F138 /* UIKit.framework in Frameworks */,
				CE4C1F6D194DD47F00B7F138 /* Foundation.framework in Frameworks */,
			);
			runOnlyForDeploymentPostprocessing = 0;
		};
/* End PBXFrameworksBuildPhase section */

/* Begin PBXGroup section */
		CE2918C0194DD8C2005D8D48 /* Class */ = {
			isa = PBXGroup;
			children = (
				CE4C1F61194DD47F00B7F138 /* STPAppDelegate.h */,
				CE4C1F62194DD47F00B7F138 /* STPAppDelegate.m */,
				CE4C1F84194DD5A500B7F138 /* Controller */,
			);
			path = Class;
			sourceTree = "<group>";
		};
		CE4C1F46194DD47F00B7F138 = {
			isa = PBXGroup;
			children = (
				CE4C1F58194DD47F00B7F138 /* FullActivities */,
				CE4C1F71194DD47F00B7F138 /* FullActivitiesTests */,
				CE4C1F51194DD47F00B7F138 /* Frameworks */,
				CE4C1F50194DD47F00B7F138 /* Products */,
			);
			sourceTree = "<group>";
		};
		CE4C1F50194DD47F00B7F138 /* Products */ = {
			isa = PBXGroup;
			children = (
				CE4C1F4F194DD47F00B7F138 /* FullActivities.app */,
				CE4C1F6A194DD47F00B7F138 /* FullActivitiesTests.xctest */,
			);
			name = Products;
			sourceTree = "<group>";
		};
		CE4C1F51194DD47F00B7F138 /* Frameworks */ = {
			isa = PBXGroup;
			children = (
				CE4C1F52194DD47F00B7F138 /* Foundation.framework */,
				CE4C1F54194DD47F00B7F138 /* CoreGraphics.framework */,
				CE4C1F56194DD47F00B7F138 /* UIKit.framework */,
				CE4C1F6B194DD47F00B7F138 /* XCTest.framework */,
			);
			name = Frameworks;
			sourceTree = "<group>";
		};
		CE4C1F58194DD47F00B7F138 /* FullActivities */ = {
			isa = PBXGroup;
			children = (
				CE2918C0194DD8C2005D8D48 /* Class */,
				CE4C1F64194DD47F00B7F138 /* Images.xcassets */,
				CE4C1F59194DD47F00B7F138 /* Supporting Files */,
			);
			path = FullActivities;
			sourceTree = "<group>";
		};
		CE4C1F59194DD47F00B7F138 /* Supporting Files */ = {
			isa = PBXGroup;
			children = (
				CE4C1F5A194DD47F00B7F138 /* FullActivities-Info.plist */,
				CE4C1F5B194DD47F00B7F138 /* InfoPlist.strings */,
				CE4C1F5E194DD47F00B7F138 /* main.m */,
				CE4C1F60194DD47F00B7F138 /* FullActivities-Prefix.pch */,
			);
			name = "Supporting Files";
			sourceTree = "<group>";
		};
		CE4C1F71194DD47F00B7F138 /* FullActivitiesTests */ = {
			isa = PBXGroup;
			children = (
				CE4C1F77194DD47F00B7F138 /* FullActivitiesTests.m */,
				CE4C1F72194DD47F00B7F138 /* Supporting Files */,
			);
			path = FullActivitiesTests;
			sourceTree = "<group>";
		};
		CE4C1F72194DD47F00B7F138 /* Supporting Files */ = {
			isa = PBXGroup;
			children = (
				CE4C1F73194DD47F00B7F138 /* FullActivitiesTests-Info.plist */,
				CE4C1F74194DD47F00B7F138 /* InfoPlist.strings */,
			);
			name = "Supporting Files";
			sourceTree = "<group>";
		};
		CE4C1F84194DD5A500B7F138 /* Controller */ = {
			isa = PBXGroup;
			children = (
				CE4C1F81194DD59D00B7F138 /* STPMainViewController.h */,
				CE4C1F82194DD59D00B7F138 /* STPMainViewController.m */,
			);
			path = Controller;
			sourceTree = "<group>";
		};
/* End PBXGroup section */

/* Begin PBXNativeTarget section */
		CE4C1F4E194DD47F00B7F138 /* FullActivities */ = {
			isa = PBXNativeTarget;
			buildConfigurationList = CE4C1F7B194DD47F00B7F138 /* Build configuration list for PBXNativeTarget "FullActivities" */;
			buildPhases = (
				CE4C1F4B194DD47F00B7F138 /* Sources */,
				CE4C1F4C194DD47F00B7F138 /* Frameworks */,
				CE4C1F4D194DD47F00B7F138 /* Resources */,
			);
			buildRules = (
			);
			dependencies = (
			);
			name = FullActivities;
			productName = FullActivities;
			productReference = CE4C1F4F194DD47F00B7F138 /* FullActivities.app */;
			productType = "com.apple.product-type.application";
		};
		CE4C1F69194DD47F00B7F138 /* FullActivitiesTests */ = {
			isa = PBXNativeTarget;
			buildConfigurationList = CE4C1F7E194DD47F00B7F138 /* Build configuration list for PBXNativeTarget "FullActivitiesTests" */;
			buildPhases = (
				CE4C1F66194DD47F00B7F138 /* Sources */,
				CE4C1F67194DD47F00B7F138 /* Frameworks */,
				CE4C1F68194DD47F00B7F138 /* Resources */,
			);
			buildRules = (
			);
			dependencies = (
				CE4C1F70194DD47F00B7F138 /* PBXTargetDependency */,
			);
			name = FullActivitiesTests;
			productName = FullActivitiesTests;
			productReference = CE4C1F6A194DD47F00B7F138 /* FullActivitiesTests.xctest */;
			productType = "com.apple.product-type.bundle.unit-test";
		};
/* End PBXNativeTarget section */

/* Begin PBXProject section */
		CE4C1F47194DD47F00B7F138 /* Project object */ = {
			isa = PBXProject;
			attributes = {
				CLASSPREFIX = STP;
				LastUpgradeCheck = 0510;
				ORGANIZATIONNAME = SaveThePlan;
				TargetAttributes = {
					CE4C1F69194DD47F00B7F138 = {
						TestTargetID = CE4C1F4E194DD47F00B7F138;
					};
				};
			};
			buildConfigurationList = CE4C1F4A194DD47F00B7F138 /* Build configuration list for PBXProject "FullActivities" */;
			compatibilityVersion = "Xcode 3.2";
			developmentRegion = English;
			hasScannedForEncodings = 0;
			knownRegions = (
				en,
			);
			mainGroup = CE4C1F46194DD47F00B7F138;
			productRefGroup = CE4C1F50194DD47F00B7F138 /* Products */;
			projectDirPath = "";
			projectRoot = "";
			targets = (
				CE4C1F4E194DD47F00B7F138 /* FullActivities */,
				CE4C1F69194DD47F00B7F138 /* FullActivitiesTests */,
			);
		};
/* End PBXProject section */

/* Begin PBXResourcesBuildPhase section */
		CE4C1F4D194DD47F00B7F138 /* Resources */ = {
			isa = PBXResourcesBuildPhase;
			buildActionMask = 2147483647;
			files = (
				CE4C1F5D194DD47F00B7F138 /* InfoPlist.strings in Resources */,
				CE4C1F65194DD47F00B7F138 /* Images.xcassets in Resources */,
			);
			runOnlyForDeploymentPostprocessing = 0;
		};
		CE4C1F68194DD47F00B7F138 /* Resources */ = {
			isa = PBXResourcesBuildPhase;
			buildActionMask = 2147483647;
			files = (
				CE4C1F76194DD47F00B7F138 /* InfoPlist.strings in Resources */,
			);
			runOnlyForDeploymentPostprocessing = 0;
		};
/* End PBXResourcesBuildPhase section */

/* Begin PBXSourcesBuildPhase section */
		CE4C1F4B194DD47F00B7F138 /* Sources */ = {
			isa = PBXSourcesBuildPhase;
			buildActionMask = 2147483647;
			files = (
				CE4C1F63194DD47F00B7F138 /* STPAppDelegate.m in Sources */,
				CE4C1F83194DD59D00B7F138 /* STPMainViewController.m in Sources */,
				CE4C1F5F194DD47F00B7F138 /* main.m in Sources */,
			);
			runOnlyForDeploymentPostprocessing = 0;
		};
		CE4C1F66194DD47F00B7F138 /* Sources */ = {
			isa = PBXSourcesBuildPhase;
			buildActionMask = 2147483647;
			files = (
				CE4C1F78194DD47F00B7F138 /* FullActivitiesTests.m in Sources */,
			);
			runOnlyForDeploymentPostprocessing = 0;
		};
/* End PBXSourcesBuildPhase section */

/* Begin PBXTargetDependency section */
		CE4C1F70194DD47F00B7F138 /* PBXTargetDependency */ = {
			isa = PBXTargetDependency;
			target = CE4C1F4E194DD47F00B7F138 /* FullActivities */;
			targetProxy = CE4C1F6F194DD47F00B7F138 /* PBXContainerItemProxy */;
		};
/* End PBXTargetDependency section */

/* Begin PBXVariantGroup section */
		CE4C1F5B194DD47F00B7F138 /* InfoPlist.strings */ = {
			isa = PBXVariantGroup;
			children = (
				CE4C1F5C194DD47F00B7F138 /* en */,
			);
			name = InfoPlist.strings;
			sourceTree = "<group>";
		};
		CE4C1F74194DD47F00B7F138 /* InfoPlist.strings */ = {
			isa = PBXVariantGroup;
			children = (
				CE4C1F75194DD47F00B7F138 /* en */,
			);
			name = InfoPlist.strings;
			sourceTree = "<group>";
		};
/* End PBXVariantGroup section */

/* Begin XCBuildConfiguration section */
		CE4C1F79194DD47F00B7F138 /* Debug */ = {
			isa = XCBuildConfiguration;
			buildSettings = {
				ALWAYS_SEARCH_USER_PATHS = NO;
				CLANG_CXX_LANGUAGE_STANDARD = "gnu++0x";
				CLANG_CXX_LIBRARY = "libc++";
				CLANG_ENABLE_MODULES = YES;
				CLANG_ENABLE_OBJC_ARC = YES;
				CLANG_WARN_BOOL_CONVERSION = YES;
				CLANG_WARN_CONSTANT_CONVERSION = YES;
				CLANG_WARN_DIRECT_OBJC_ISA_USAGE = YES_ERROR;
				CLANG_WARN_EMPTY_BODY = YES;
				CLANG_WARN_ENUM_CONVERSION = YES;
				CLANG_WARN_INT_CONVERSION = YES;
				CLANG_WARN_OBJC_ROOT_CLASS = YES_ERROR;
				CLANG_WARN__DUPLICATE_METHOD_MATCH = YES;
				"CODE_SIGN_IDENTITY[sdk=iphoneos*]" = "iPhone Developer";
				COPY_PHASE_STRIP = NO;
				GCC_C_LANGUAGE_STANDARD = gnu99;
				GCC_DYNAMIC_NO_PIC = NO;
				GCC_OPTIMIZATION_LEVEL = 0;
				GCC_PREPROCESSOR_DEFINITIONS = (
					"DEBUG=1",
					"$(inherited)",
				);
				GCC_SYMBOLS_PRIVATE_EXTERN = NO;
				GCC_WARN_64_TO_32_BIT_CONVERSION = YES;
				GCC_WARN_ABOUT_RETURN_TYPE = YES_ERROR;
				GCC_WARN_UNDECLARED_SELECTOR = YES;
				GCC_WARN_UNINITIALIZED_AUTOS = YES_AGGRESSIVE;
				GCC_WARN_UNUSED_FUNCTION = YES;
				GCC_WARN_UNUSED_VARIABLE = YES;
				IPHONEOS_DEPLOYMENT_TARGET = 7.1;
				ONLY_ACTIVE_ARCH = YES;
				SDKROOT = iphoneos;
				TARGETED_DEVICE_FAMILY = "1,2";
			};
			name = Debug;
		};
		CE4C1F7A194DD47F00B7F138 /* Release */ = {
			isa = XCBuildConfiguration;
			buildSettings = {
				ALWAYS_SEARCH_USER_PATHS = NO;
				CLANG_CXX_LANGUAGE_STANDARD = "gnu++0x";
				CLANG_CXX_LIBRARY = "libc++";
				CLANG_ENABLE_MODULES = YES;
				CLANG_ENABLE_OBJC_ARC = YES;
				CLANG_WARN_BOOL_CONVERSION = YES;
				CLANG_WARN_CONSTANT_CONVERSION = YES;
				CLANG_WARN_DIRECT_OBJC_ISA_USAGE = YES_ERROR;
				CLANG_WARN_EMPTY_BODY = YES;
				CLANG_WARN_ENUM_CONVERSION = YES;
				CLANG_WARN_INT_CONVERSION = YES;
				CLANG_WARN_OBJC_ROOT_CLASS = YES_ERROR;
				CLANG_WARN__DUPLICATE_METHOD_MATCH = YES;
				"CODE_SIGN_IDENTITY[sdk=iphoneos*]" = "iPhone Developer";
				COPY_PHASE_STRIP = YES;
				ENABLE_NS_ASSERTIONS = NO;
				GCC_C_LANGUAGE_STANDARD = gnu99;
				GCC_WARN_64_TO_32_BIT_CONVERSION = YES;
				GCC_WARN_ABOUT_RETURN_TYPE = YES_ERROR;
				GCC_WARN_UNDECLARED_SELECTOR = YES;
				GCC_WARN_UNINITIALIZED_AUTOS = YES_AGGRESSIVE;
				GCC_WARN_UNUSED_FUNCTION = YES;
				GCC_WARN_UNUSED_VARIABLE = YES;
				IPHONEOS_DEPLOYMENT_TARGET = 7.1;
				SDKROOT = iphoneos;
				TARGETED_DEVICE_FAMILY = "1,2";
				VALIDATE_PRODUCT = YES;
			};
			name = Release;
		};
		CE4C1F7C194DD47F00B7F138 /* Debug */ = {
			isa = XCBuildConfiguration;
			buildSettings = {
				ASSETCATALOG_COMPILER_APPICON_NAME = AppIcon;
				ASSETCATALOG_COMPILER_LAUNCHIMAGE_NAME = LaunchImage;
				GCC_PRECOMPILE_PREFIX_HEADER = YES;
				GCC_PREFIX_HEADER = "FullActivities/FullActivities-Prefix.pch";
				INFOPLIST_FILE = "FullActivities/FullActivities-Info.plist";
				PRODUCT_NAME = "$(TARGET_NAME)";
				WRAPPER_EXTENSION = app;
			};
			name = Debug;
		};
		CE4C1F7D194DD47F00B7F138 /* Release */ = {
			isa = XCBuildConfiguration;
			buildSettings = {
				ASSETCATALOG_COMPILER_APPICON_NAME = AppIcon;
				ASSETCATALOG_COMPILER_LAUNCHIMAGE_NAME = LaunchImage;
				GCC_PRECOMPILE_PREFIX_HEADER = YES;
				GCC_PREFIX_HEADER = "FullActivities/FullActivities-Prefix.pch";
				INFOPLIST_FILE = "FullActivities/FullActivities-Info.plist";
				PRODUCT_NAME = "$(TARGET_NAME)";
				WRAPPER_EXTENSION = app;
			};
			name = Release;
		};
		CE4C1F7F194DD47F00B7F138 /* Debug */ = {
			isa = XCBuildConfiguration;
			buildSettings = {
				BUNDLE_LOADER = "$(BUILT_PRODUCTS_DIR)/FullActivities.app/FullActivities";
				FRAMEWORK_SEARCH_PATHS = (
					"$(SDKROOT)/Developer/Library/Frameworks",
					"$(inherited)",
					"$(DEVELOPER_FRAMEWORKS_DIR)",
				);
				GCC_PRECOMPILE_PREFIX_HEADER = YES;
				GCC_PREFIX_HEADER = "FullActivities/FullActivities-Prefix.pch";
				GCC_PREPROCESSOR_DEFINITIONS = (
					"DEBUG=1",
					"$(inherited)",
				);
				INFOPLIST_FILE = "FullActivitiesTests/FullActivitiesTests-Info.plist";
				PRODUCT_NAME = "$(TARGET_NAME)";
				TEST_HOST = "$(BUNDLE_LOADER)";
				WRAPPER_EXTENSION = xctest;
			};
			name = Debug;
		};
		CE4C1F80194DD47F00B7F138 /* Release */ = {
			isa = XCBuildConfiguration;
			buildSettings = {
				BUNDLE_LOADER = "$(BUILT_PRODUCTS_DIR)/FullActivities.app/FullActivities";
				FRAMEWORK_SEARCH_PATHS = (
					"$(SDKROOT)/Developer/Library/Frameworks",
					"$(inherited)",
					"$(DEVELOPER_FRAMEWORKS_DIR)",
				);
				GCC_PRECOMPILE_PREFIX_HEADER = YES;
				GCC_PREFIX_HEADER = "FullActivities/FullActivities-Prefix.pch";
				INFOPLIST_FILE = "FullActivitiesTests/FullActivitiesTests-Info.plist";
				PRODUCT_NAME = "$(TARGET_NAME)";
				TEST_HOST = "$(BUNDLE_LOADER)";
				WRAPPER_EXTENSION = xctest;
			};
			name = Release;
		};
/* End XCBuildConfiguration section */

/* Begin XCConfigurationList section */
		CE4C1F4A194DD47F00B7F138 /* Build configuration list for PBXProject "FullActivities" */ = {
			isa = XCConfigurationList;
			buildConfigurations = (
				CE4C1F79194DD47F00B7F138 /* Debug */,
				CE4C1F7A194DD47F00B7F138 /* Release */,
			);
			defaultConfigurationIsVisible = 0;
			defaultConfigurationName = Release;
		};
		CE4C1F7B194DD47F00B7F138 /* Build configuration list for PBXNativeTarget "FullActivities" */ = {
			isa = XCConfigurationList;
			buildConfigurations = (
				CE4C1F7C194DD47F00B7F138 /* Debug */,
				CE4C1F7D194DD47F00B7F138 /* Release */,
			);
			defaultConfigurationIsVisible = 0;
			defaultConfigurationName = Release;
		};
		CE4C1F7E194DD47F00B7F138 /* Build configuration list for PBXNativeTarget "FullActivitiesTests" */ = {
			isa = XCConfigurationList;
			buildConfigurations = (
				CE4C1F7F194DD47F00B7F138 /* Debug */,
				CE4C1F80194DD47F00B7F138 /* Release */,
			);
			defaultConfigurationIsVisible = 0;
			defaultConfigurationName = Release;
		};
/* End XCConfigurationList section */
	};
	rootObject = CE4C1F47194DD47F00B7F138 /* Project object */;
}
